
Microsoft Visual Studio Solution File, Format Version 12.00
# Visual Studio Version 17
VisualStudioVersion = 17.4.33205.214
MinimumVisualStudioVersion = 10.0.40219.1
Project("{FAE04EC0-301F-11D3-BF4B-00C04F79EFBC}") = "Portfolio Natã", "Portfolio Natã.csproj", "{2C132338-2A8E-47E5-8754-A037290B0936}"
EndProject
Global
	GlobalSection(SolutionConfigurationPlatforms) = preSolution
		Debug|Any CPU = Debug|Any CPU
		Release|Any CPU = Release|Any CPU
	EndGlobalSection
	GlobalSection(ProjectConfigurationPlatforms) = postSolution
		{2C132338-2A8E-47E5-8754-A037290B0936}.Debug|Any CPU.ActiveCfg = Debug|Any CPU
		{2C132338-2A8E-47E5-8754-A037290B0936}.Debug|Any CPU.Build.0 = Debug|Any CPU
		{2C132338-2A8E-47E5-8754-A037290B0936}.Release|Any CPU.ActiveCfg = Release|Any CPU
		{2C132338-2A8E-47E5-8754-A037290B0936}.Release|Any CPU.Build.0 = Release|Any CPU
	EndGlobalSection
	GlobalSection(SolutionProperties) = preSolution
		HideSolutionNode = FALSE
	EndGlobalSection
	GlobalSection(ExtensibilityGlobals) = postSolution
		SolutionGuid = {75901093-2611-446B-86FB-2A40DDF60F43}
	EndGlobalSection
EndGlobal
